
Microsoft Visual Studio Solution File, Format Version 11.00
# Visual C# Express 2010
Project("{FAE04EC0-301F-11D3-BF4B-00C04F79EFBC}") = "Nelson_Escola", "Nelson_Escola\Nelson_Escola.csproj", "{EFA06C44-BB90-47CF-A0E6-2F549DE0B6E5}"
EndProject
Global
	GlobalSection(SolutionConfigurationPlatforms) = preSolution
		Debug|x86 = Debug|x86
		Release|x86 = Release|x86
	EndGlobalSection
	GlobalSection(ProjectConfigurationPlatforms) = postSolution
		{EFA06C44-BB90-47CF-A0E6-2F549DE0B6E5}.Debug|x86.ActiveCfg = Debug|x86
		{EFA06C44-BB90-47CF-A0E6-2F549DE0B6E5}.Debug|x86.Build.0 = Debug|x86
		{EFA06C44-BB90-47CF-A0E6-2F549DE0B6E5}.Release|x86.ActiveCfg = Release|x86
		{EFA06C44-BB90-47CF-A0E6-2F549DE0B6E5}.Release|x86.Build.0 = Release|x86
	EndGlobalSection
	GlobalSection(SolutionProperties) = preSolution
		HideSolutionNode = FALSE
	EndGlobalSection
EndGlobal
